// !$*UTF8*$!
{
	archiveVersion = 1;
	classes = {
	};
	objectVersion = 46;
	objects = {

/* Begin PBXBuildFile section */
		ED8F834D1CD8292700B0705F /* globe@2x.png in Resources */ = {isa = PBXBuildFile; fileRef = ED8F834A1CD8292700B0705F /* globe@2x.png */; };
		ED8F834F1CD8292700B0705F /* trumpet@2x.png in Resources */ = {isa = PBXBuildFile; fileRef = ED8F834C1CD8292700B0705F /* trumpet@2x.png */; };
		ED8F83521CD833C800B0705F /* TableViewController.m in Sources */ = {isa = PBXBuildFile; fileRef = ED8F83511CD833C800B0705F /* TableViewController.m */; };
		ED8F83581CD8611000B0705F /* WorldMapViewController.m in Sources */ = {isa = PBXBuildFile; fileRef = ED8F83571CD8611000B0705F /* WorldMapViewController.m */; };
		ED8F835B1CD8648700B0705F /* worldMap.png in Resources */ = {isa = PBXBuildFile; fileRef = ED8F835A1CD8648700B0705F /* worldMap.png */; };
		ED8F835E1CD876AE00B0705F /* WebsiteViewController.m in Sources */ = {isa = PBXBuildFile; fileRef = ED8F835D1CD876AE00B0705F /* WebsiteViewController.m */; };
		ED8F83601CD8778F00B0705F /* ticket@2x.png in Resources */ = {isa = PBXBuildFile; fileRef = ED8F835F1CD8778F00B0705F /* ticket@2x.png */; };
		ED99EDEA1CD8213D009DE1BA /* main.m in Sources */ = {isa = PBXBuildFile; fileRef = ED99EDE91CD8213D009DE1BA /* main.m */; };
		ED99EDED1CD8213D009DE1BA /* AppDelegate.m in Sources */ = {isa = PBXBuildFile; fileRef = ED99EDEC1CD8213D009DE1BA /* AppDelegate.m */; };
		ED99EDF51CD8213D009DE1BA /* Assets.xcassets in Resources */ = {isa = PBXBuildFile; fileRef = ED99EDF41CD8213D009DE1BA /* Assets.xcassets */; };
		ED99EDF81CD8213D009DE1BA /* LaunchScreen.storyboard in Resources */ = {isa = PBXBuildFile; fileRef = ED99EDF61CD8213D009DE1BA /* LaunchScreen.storyboard */; };
		EDE486101CD911C100545241 /* DetailViewController.m in Sources */ = {isa = PBXBuildFile; fileRef = EDE4860F1CD911C100545241 /* DetailViewController.m */; };
/* End PBXBuildFile section */

/* Begin PBXFileReference section */
		ED8F834A1CD8292700B0705F /* globe@2x.png */ = {isa = PBXFileReference; lastKnownFileType = image.png; path = "globe@2x.png"; sourceTree = "<group>"; };
		ED8F834C1CD8292700B0705F /* trumpet@2x.png */ = {isa = PBXFileReference; lastKnownFileType = image.png; path = "trumpet@2x.png"; sourceTree = "<group>"; };
		ED8F83501CD833C800B0705F /* TableViewController.h */ = {isa = PBXFileReference; fileEncoding = 4; lastKnownFileType = sourcecode.c.h; path = TableViewController.h; sourceTree = "<group>"; };
		ED8F83511CD833C800B0705F /* TableViewController.m */ = {isa = PBXFileReference; fileEncoding = 4; lastKnownFileType = sourcecode.c.objc; path = TableViewController.m; sourceTree = "<group>"; };
		ED8F83561CD8611000B0705F /* WorldMapViewController.h */ = {isa = PBXFileReference; fileEncoding = 4; lastKnownFileType = sourcecode.c.h; path = WorldMapViewController.h; sourceTree = "<group>"; };
		ED8F83571CD8611000B0705F /* WorldMapViewController.m */ = {isa = PBXFileReference; fileEncoding = 4; lastKnownFileType = sourcecode.c.objc; path = WorldMapViewController.m; sourceTree = "<group>"; };
		ED8F835A1CD8648700B0705F /* worldMap.png */ = {isa = PBXFileReference; lastKnownFileType = image.png; path = worldMap.png; sourceTree = "<group>"; };
		ED8F835C1CD876AE00B0705F /* WebsiteViewController.h */ = {isa = PBXFileReference; fileEncoding = 4; lastKnownFileType = sourcecode.c.h; path = WebsiteViewController.h; sourceTree = "<group>"; };
		ED8F835D1CD876AE00B0705F /* WebsiteViewController.m */ = {isa = PBXFileReference; fileEncoding = 4; lastKnownFileType = sourcecode.c.objc; path = WebsiteViewController.m; sourceTree = "<group>"; };
		ED8F835F1CD8778F00B0705F /* ticket@2x.png */ = {isa = PBXFileReference; lastKnownFileType = image.png; path = "ticket@2x.png"; sourceTree = "<group>"; };
		ED99EDE51CD8213D009DE1BA /* TabBarController-ObjC.app */ = {isa = PBXFileReference; explicitFileType = wrapper.application; includeInIndex = 0; path = "TabBarController-ObjC.app"; sourceTree = BUILT_PRODUCTS_DIR; };
		ED99EDE91CD8213D009DE1BA /* main.m */ = {isa = PBXFileReference; lastKnownFileType = sourcecode.c.objc; path = main.m; sourceTree = "<group>"; };
		ED99EDEB1CD8213D009DE1BA /* AppDelegate.h */ = {isa = PBXFileReference; lastKnownFileType = sourcecode.c.h; path = AppDelegate.h; sourceTree = "<group>"; };
		ED99EDEC1CD8213D009DE1BA /* AppDelegate.m */ = {isa = PBXFileReference; lastKnownFileType = sourcecode.c.objc; path = AppDelegate.m; sourceTree = "<group>"; };
		ED99EDF41CD8213D009DE1BA /* Assets.xcassets */ = {isa = PBXFileReference; lastKnownFileType = folder.assetcatalog; path = Assets.xcassets; sourceTree = "<group>"; };
		ED99EDF71CD8213D009DE1BA /* Base */ = {isa = PBXFileReference; lastKnownFileType = file.storyboard; name = Base; path = Base.lproj/LaunchScreen.storyboard; sourceTree = "<group>"; };
		ED99EDF91CD8213D009DE1BA /* Info.plist */ = {isa = PBXFileReference; lastKnownFileType = text.plist.xml; path = Info.plist; sourceTree = "<group>"; };
		EDE4860E1CD911C100545241 /* DetailViewController.h */ = {isa = PBXFileReference; fileEncoding = 4; lastKnownFileType = sourcecode.c.h; path = DetailViewController.h; sourceTree = "<group>"; };
		EDE4860F1CD911C100545241 /* DetailViewController.m */ = {isa = PBXFileReference; fileEncoding = 4; lastKnownFileType = sourcecode.c.objc; path = DetailViewController.m; sourceTree = "<group>"; };
/* End PBXFileReference section */

/* Begin PBXFrameworksBuildPhase section */
		ED99EDE21CD8213D009DE1BA /* Frameworks */ = {
			isa = PBXFrameworksBuildPhase;
			buildActionMask = 2147483647;
			files = (
			);
			runOnlyForDeploymentPostprocessing = 0;
		};
/* End PBXFrameworksBuildPhase section */

/* Begin PBXGroup section */
		ED8F83481CD8292700B0705F /* images */ = {
			isa = PBXGroup;
			children = (
				ED8F83591CD8648700B0705F /* images */,
				ED8F83491CD8292700B0705F /* icons */,
			);
			path = images;
			sourceTree = "<group>";
		};
		ED8F83491CD8292700B0705F /* icons */ = {
			isa = PBXGroup;
			children = (
				ED8F835F1CD8778F00B0705F /* ticket@2x.png */,
				ED8F834A1CD8292700B0705F /* globe@2x.png */,
				ED8F834C1CD8292700B0705F /* trumpet@2x.png */,
			);
			path = icons;
			sourceTree = "<group>";
		};
		ED8F83591CD8648700B0705F /* images */ = {
			isa = PBXGroup;
			children = (
				ED8F835A1CD8648700B0705F /* worldMap.png */,
			);
			path = images;
			sourceTree = "<group>";
		};
		ED99EDDC1CD8213C009DE1BA = {
			isa = PBXGroup;
			children = (
				ED99EDE71CD8213D009DE1BA /* TabBarController-ObjC */,
				ED99EDE61CD8213D009DE1BA /* Products */,
			);
			sourceTree = "<group>";
		};
		ED99EDE61CD8213D009DE1BA /* Products */ = {
			isa = PBXGroup;
			children = (
				ED99EDE51CD8213D009DE1BA /* TabBarController-ObjC.app */,
			);
			name = Products;
			sourceTree = "<group>";
		};
		ED99EDE71CD8213D009DE1BA /* TabBarController-ObjC */ = {
			isa = PBXGroup;
			children = (
				ED99EDEB1CD8213D009DE1BA /* AppDelegate.h */,
				ED99EDEC1CD8213D009DE1BA /* AppDelegate.m */,
				ED8F83501CD833C800B0705F /* TableViewController.h */,
				ED8F83511CD833C800B0705F /* TableViewController.m */,
				EDE4860E1CD911C100545241 /* DetailViewController.h */,
				EDE4860F1CD911C100545241 /* DetailViewController.m */,
				ED8F83561CD8611000B0705F /* WorldMapViewController.h */,
				ED8F83571CD8611000B0705F /* WorldMapViewController.m */,
				ED8F835C1CD876AE00B0705F /* WebsiteViewController.h */,
				ED8F835D1CD876AE00B0705F /* WebsiteViewController.m */,
				ED99EDF41CD8213D009DE1BA /* Assets.xcassets */,
				ED8F83481CD8292700B0705F /* images */,
				ED99EDF61CD8213D009DE1BA /* LaunchScreen.storyboard */,
				ED99EDF91CD8213D009DE1BA /* Info.plist */,
				ED99EDE81CD8213D009DE1BA /* Supporting Files */,
			);
			path = "TabBarController-ObjC";
			sourceTree = "<group>";
		};
		ED99EDE81CD8213D009DE1BA /* Supporting Files */ = {
			isa = PBXGroup;
			children = (
				ED99EDE91CD8213D009DE1BA /* main.m */,
			);
			name = "Supporting Files";
			sourceTree = "<group>";
		};
/* End PBXGroup section */

/* Begin PBXNativeTarget section */
		ED99EDE41CD8213D009DE1BA /* TabBarController-ObjC */ = {
			isa = PBXNativeTarget;
			buildConfigurationList = ED99EDFC1CD8213D009DE1BA /* Build configuration list for PBXNativeTarget "TabBarController-ObjC" */;
			buildPhases = (
				ED99EDE11CD8213D009DE1BA /* Sources */,
				ED99EDE21CD8213D009DE1BA /* Frameworks */,
				ED99EDE31CD8213D009DE1BA /* Resources */,
			);
			buildRules = (
			);
			dependencies = (
			);
			name = "TabBarController-ObjC";
			productName = "TabBarController-ObjC";
			productReference = ED99EDE51CD8213D009DE1BA /* TabBarController-ObjC.app */;
			productType = "com.apple.product-type.application";
		};
/* End PBXNativeTarget section */

/* Begin PBXProject section */
		ED99EDDD1CD8213D009DE1BA /* Project object */ = {
			isa = PBXProject;
			attributes = {
				LastUpgradeCheck = 0730;
				ORGANIZATIONNAME = "Alistair Cooper";
				TargetAttributes = {
					ED99EDE41CD8213D009DE1BA = {
						CreatedOnToolsVersion = 7.3;
					};
				};
			};
			buildConfigurationList = ED99EDE01CD8213D009DE1BA /* Build configuration list for PBXProject "TabBarController-ObjC" */;
			compatibilityVersion = "Xcode 3.2";
			developmentRegion = English;
			hasScannedForEncodings = 0;
			knownRegions = (
				en,
				Base,
			);
			mainGroup = ED99EDDC1CD8213C009DE1BA;
			productRefGroup = ED99EDE61CD8213D009DE1BA /* Products */;
			projectDirPath = "";
			projectRoot = "";
			targets = (
				ED99EDE41CD8213D009DE1BA /* TabBarController-ObjC */,
			);
		};
/* End PBXProject section */

/* Begin PBXResourcesBuildPhase section */
		ED99EDE31CD8213D009DE1BA /* Resources */ = {
			isa = PBXResourcesBuildPhase;
			buildActionMask = 2147483647;
			files = (
				ED8F83601CD8778F00B0705F /* ticket@2x.png in Resources */,
				ED8F834D1CD8292700B0705F /* globe@2x.png in Resources */,
				ED8F834F1CD8292700B0705F /* trumpet@2x.png in Resources */,
				ED99EDF81CD8213D009DE1BA /* LaunchScreen.storyboard in Resources */,
				ED99EDF51CD8213D009DE1BA /* Assets.xcassets in Resources */,
				ED8F835B1CD8648700B0705F /* worldMap.png in Resources */,
			);
			runOnlyForDeploymentPostprocessing = 0;
		};
/* End PBXResourcesBuildPhase section */

/* Begin PBXSourcesBuildPhase section */
		ED99EDE11CD8213D009DE1BA /* Sources */ = {
			isa = PBXSourcesBuildPhase;
			buildActionMask = 2147483647;
			files = (
				ED8F83581CD8611000B0705F /* WorldMapViewController.m in Sources */,
				ED99EDED1CD8213D009DE1BA /* AppDelegate.m in Sources */,
				ED99EDEA1CD8213D009DE1BA /* main.m in Sources */,
				ED8F835E1CD876AE00B0705F /* WebsiteViewController.m in Sources */,
				ED8F83521CD833C800B0705F /* TableViewController.m in Sources */,
				EDE486101CD911C100545241 /* DetailViewController.m in Sources */,
			);
			runOnlyForDeploymentPostprocessing = 0;
		};
/* End PBXSourcesBuildPhase section */

/* Begin PBXVariantGroup section */
		ED99EDF61CD8213D009DE1BA /* LaunchScreen.storyboard */ = {
			isa = PBXVariantGroup;
			children = (
				ED99EDF71CD8213D009DE1BA /* Base */,
			);
			name = LaunchScreen.storyboard;
			sourceTree = "<group>";
		};
/* End PBXVariantGroup section */

/* Begin XCBuildConfiguration section */
		ED99EDFA1CD8213D009DE1BA /* Debug */ = {
			isa = XCBuildConfiguration;
			buildSettings = {
				ALWAYS_SEARCH_USER_PATHS = NO;
				CLANG_ANALYZER_NONNULL = YES;
				CLANG_CXX_LANGUAGE_STANDARD = "gnu++0x";
				CLANG_CXX_LIBRARY = "libc++";
				CLANG_ENABLE_MODULES = YES;
				CLANG_ENABLE_OBJC_ARC = YES;
				CLANG_WARN_BOOL_CONVERSION = YES;
				CLANG_WARN_CONSTANT_CONVERSION = YES;
				CLANG_WARN_DIRECT_OBJC_ISA_USAGE = YES_ERROR;
				CLANG_WARN_EMPTY_BODY = YES;
				CLANG_WARN_ENUM_CONVERSION = YES;
				CLANG_WARN_INT_CONVERSION = YES;
				CLANG_WARN_OBJC_ROOT_CLASS = YES_ERROR;
				CLANG_WARN_UNREACHABLE_CODE = YES;
				CLANG_WARN__DUPLICATE_METHOD_MATCH = YES;
				"CODE_SIGN_IDENTITY[sdk=iphoneos*]" = "iPhone Developer";
				COPY_PHASE_STRIP = NO;
				DEBUG_INFORMATION_FORMAT = dwarf;
				ENABLE_STRICT_OBJC_MSGSEND = YES;
				ENABLE_TESTABILITY = YES;
				GCC_C_LANGUAGE_STANDARD = gnu99;
				GCC_DYNAMIC_NO_PIC = NO;
				GCC_NO_COMMON_BLOCKS = YES;
				GCC_OPTIMIZATION_LEVEL = 0;
				GCC_PREPROCESSOR_DEFINITIONS = (
					"DEBUG=1",
					"$(inherited)",
				);
				GCC_WARN_64_TO_32_BIT_CONVERSION = YES;
				GCC_WARN_ABOUT_RETURN_TYPE = YES_ERROR;
				GCC_WARN_UNDECLARED_SELECTOR = YES;
				GCC_WARN_UNINITIALIZED_AUTOS = YES_AGGRESSIVE;
				GCC_WARN_UNUSED_FUNCTION = YES;
				GCC_WARN_UNUSED_VARIABLE = YES;
				IPHONEOS_DEPLOYMENT_TARGET = 9.3;
				MTL_ENABLE_DEBUG_INFO = YES;
				ONLY_ACTIVE_ARCH = YES;
				SDKROOT = iphoneos;
				TARGETED_DEVICE_FAMILY = "1,2";
			};
			name = Debug;
		};
		ED99EDFB1CD8213D009DE1BA /* Release */ = {
			isa = XCBuildConfiguration;
			buildSettings = {
				ALWAYS_SEARCH_USER_PATHS = NO;
				CLANG_ANALYZER_NONNULL = YES;
				CLANG_CXX_LANGUAGE_STANDARD = "gnu++0x";
				CLANG_CXX_LIBRARY = "libc++";
				CLANG_ENABLE_MODULES = YES;
				CLANG_ENABLE_OBJC_ARC = YES;
				CLANG_WARN_BOOL_CONVERSION = YES;
				CLANG_WARN_CONSTANT_CONVERSION = YES;
				CLANG_WARN_DIRECT_OBJC_ISA_USAGE = YES_ERROR;
				CLANG_WARN_EMPTY_BODY = YES;
				CLANG_WARN_ENUM_CONVERSION = YES;
				CLANG_WARN_INT_CONVERSION = YES;
				CLANG_WARN_OBJC_ROOT_CLASS = YES_ERROR;
				CLANG_WARN_UNREACHABLE_CODE = YES;
				CLANG_WARN__DUPLICATE_METHOD_MATCH = YES;
				"CODE_SIGN_IDENTITY[sdk=iphoneos*]" = "iPhone Developer";
				COPY_PHASE_STRIP = NO;
				DEBUG_INFORMATION_FORMAT = "dwarf-with-dsym";
				ENABLE_NS_ASSERTIONS = NO;
				ENABLE_STRICT_OBJC_MSGSEND = YES;
				GCC_C_LANGUAGE_STANDARD = gnu99;
				GCC_NO_COMMON_BLOCKS = YES;
				GCC_WARN_64_TO_32_BIT_CONVERSION = YES;
				GCC_WARN_ABOUT_RETURN_TYPE = YES_ERROR;
				GCC_WARN_UNDECLARED_SELECTOR = YES;
				GCC_WARN_UNINITIALIZED_AUTOS = YES_AGGRESSIVE;
				GCC_WARN_UNUSED_FUNCTION = YES;
				GCC_WARN_UNUSED_VARIABLE = YES;
				IPHONEOS_DEPLOYMENT_TARGET = 9.3;
				MTL_ENABLE_DEBUG_INFO = NO;
				SDKROOT = iphoneos;
				TARGETED_DEVICE_FAMILY = "1,2";
				VALIDATE_PRODUCT = YES;
			};
			name = Release;
		};
		ED99EDFD1CD8213D009DE1BA /* Debug */ = {
			isa = XCBuildConfiguration;
			buildSettings = {
				ASSETCATALOG_COMPILER_APPICON_NAME = AppIcon;
				INFOPLIST_FILE = "TabBarController-ObjC/Info.plist";
				LD_RUNPATH_SEARCH_PATHS = "$(inherited) @executable_path/Frameworks";
				PRODUCT_BUNDLE_IDENTIFIER = "com.alistaircooper.TabBarController-ObjC";
				PRODUCT_NAME = "$(TARGET_NAME)";
			};
			name = Debug;
		};
		ED99EDFE1CD8213D009DE1BA /* Release */ = {
			isa = XCBuildConfiguration;
			buildSettings = {
				ASSETCATALOG_COMPILER_APPICON_NAME = AppIcon;
				INFOPLIST_FILE = "TabBarController-ObjC/Info.plist";
				LD_RUNPATH_SEARCH_PATHS = "$(inherited) @executable_path/Frameworks";
				PRODUCT_BUNDLE_IDENTIFIER = "com.alistaircooper.TabBarController-ObjC";
				PRODUCT_NAME = "$(TARGET_NAME)";
			};
			name = Release;
		};
/* End XCBuildConfiguration section */

/* Begin XCConfigurationList section */
		ED99EDE01CD8213D009DE1BA /* Build configuration list for PBXProject "TabBarController-ObjC" */ = {
			isa = XCConfigurationList;
			buildConfigurations = (
				ED99EDFA1CD8213D009DE1BA /* Debug */,
				ED99EDFB1CD8213D009DE1BA /* Release */,
			);
			defaultConfigurationIsVisible = 0;
			defaultConfigurationName = Release;
		};
		ED99EDFC1CD8213D009DE1BA /* Build configuration list for PBXNativeTarget "TabBarController-ObjC" */ = {
			isa = XCConfigurationList;
			buildConfigurations = (
				ED99EDFD1CD8213D009DE1BA /* Debug */,
				ED99EDFE1CD8213D009DE1BA /* Release */,
			);
			defaultConfigurationIsVisible = 0;
			defaultConfigurationName = Release;
		};
/* End XCConfigurationList section */
	};
	rootObject = ED99EDDD1CD8213D009DE1BA /* Project object */;
}
